
Microsoft Visual Studio Solution File, Format Version 12.00
# Visual Studio Version 17
VisualStudioVersion = 17.5.33516.290
MinimumVisualStudioVersion = 10.0.40219.1
Project("{FAE04EC0-301F-11D3-BF4B-00C04F79EFBC}") = "Do_An", "Do_An\Do_An.csproj", "{7BE5DED7-6841-48F6-8DD1-B44C9C12EDCE}"
EndProject
Global
	GlobalSection(SolutionConfigurationPlatforms) = preSolution
		Debug|Any CPU = Debug|Any CPU
		Release|Any CPU = Release|Any CPU
	EndGlobalSection
	GlobalSection(ProjectConfigurationPlatforms) = postSolution
		{7BE5DED7-6841-48F6-8DD1-B44C9C12EDCE}.Debug|Any CPU.ActiveCfg = Debug|Any CPU
		{7BE5DED7-6841-48F6-8DD1-B44C9C12EDCE}.Debug|Any CPU.Build.0 = Debug|Any CPU
		{7BE5DED7-6841-48F6-8DD1-B44C9C12EDCE}.Release|Any CPU.ActiveCfg = Release|Any CPU
		{7BE5DED7-6841-48F6-8DD1-B44C9C12EDCE}.Release|Any CPU.Build.0 = Release|Any CPU
	EndGlobalSection
	GlobalSection(SolutionProperties) = preSolution
		HideSolutionNode = FALSE
	EndGlobalSection
	GlobalSection(ExtensibilityGlobals) = postSolution
		SolutionGuid = {B9EC2AB3-4ACE-4EE7-8AFA-EF749441A254}
	EndGlobalSection
EndGlobal
